
Microsoft Visual Studio Solution File, Format Version 12.00
# Visual Studio Version 17
VisualStudioVersion = 17.14.36127.28 d17.14
MinimumVisualStudioVersion = 10.0.40219.1
Project("{FAE04EC0-301F-11D3-BF4B-00C04F79EFBC}") = "MyFirstConsoleApp", "MyFirstConsoleApp\MyFirstConsoleApp.csproj", "{BADDA663-8F2F-4180-80AB-B7C56BA6513F}"
EndProject
Global
	GlobalSection(SolutionConfigurationPlatforms) = preSolution
		Debug|Any CPU = Debug|Any CPU
		Release|Any CPU = Release|Any CPU
	EndGlobalSection
	GlobalSection(ProjectConfigurationPlatforms) = postSolution
		{BADDA663-8F2F-4180-80AB-B7C56BA6513F}.Debug|Any CPU.ActiveCfg = Debug|Any CPU
		{BADDA663-8F2F-4180-80AB-B7C56BA6513F}.Debug|Any CPU.Build.0 = Debug|Any CPU
		{BADDA663-8F2F-4180-80AB-B7C56BA6513F}.Release|Any CPU.ActiveCfg = Release|Any CPU
		{BADDA663-8F2F-4180-80AB-B7C56BA6513F}.Release|Any CPU.Build.0 = Release|Any CPU
	EndGlobalSection
	GlobalSection(SolutionProperties) = preSolution
		HideSolutionNode = FALSE
	EndGlobalSection
	GlobalSection(ExtensibilityGlobals) = postSolution
		SolutionGuid = {1B40AD30-9F25-4C03-80C2-E5C8FA35B4CA}
	EndGlobalSection
EndGlobal
